
Microsoft Visual Studio Solution File, Format Version 11.00
# Visual Studio 2010
Project("{8BC9CEB8-8B4A-11D0-8D11-00A0C91BC942}") = "CppSQLite3Tests", "Tests\CppSQLite3Tests.vcxproj", "{45528A81-2523-48DD-AEB3-6B6BD73A2C5D}"
EndProject
Project("{8BC9CEB8-8B4A-11D0-8D11-00A0C91BC942}") = "CppMySQLTests", "Tests\CppMySQLTests.vcxproj", "{EDD8B2D2-2193-491A-8BF9-54E03552AA8D}"
EndProject
Global
	GlobalSection(SolutionConfigurationPlatforms) = preSolution
		debug_shared|Win32 = debug_shared|Win32
		debug_static_md|Win32 = debug_static_md|Win32
		release_shared|Win32 = release_shared|Win32
		release_static_md|Win32 = release_static_md|Win32
	EndGlobalSection
	GlobalSection(ProjectConfigurationPlatforms) = postSolution
		{45528A81-2523-48DD-AEB3-6B6BD73A2C5D}.debug_shared|Win32.ActiveCfg = debug_shared|Win32
		{45528A81-2523-48DD-AEB3-6B6BD73A2C5D}.debug_shared|Win32.Build.0 = debug_shared|Win32
		{45528A81-2523-48DD-AEB3-6B6BD73A2C5D}.debug_static_md|Win32.ActiveCfg = debug_static_md|Win32
		{45528A81-2523-48DD-AEB3-6B6BD73A2C5D}.debug_static_md|Win32.Build.0 = debug_static_md|Win32
		{45528A81-2523-48DD-AEB3-6B6BD73A2C5D}.release_shared|Win32.ActiveCfg = release_shared|Win32
		{45528A81-2523-48DD-AEB3-6B6BD73A2C5D}.release_shared|Win32.Build.0 = release_shared|Win32
		{45528A81-2523-48DD-AEB3-6B6BD73A2C5D}.release_static_md|Win32.ActiveCfg = release_static_md|Win32
		{45528A81-2523-48DD-AEB3-6B6BD73A2C5D}.release_static_md|Win32.Build.0 = release_static_md|Win32
		{EDD8B2D2-2193-491A-8BF9-54E03552AA8D}.debug_shared|Win32.ActiveCfg = debug_shared|Win32
		{EDD8B2D2-2193-491A-8BF9-54E03552AA8D}.debug_shared|Win32.Build.0 = debug_shared|Win32
		{EDD8B2D2-2193-491A-8BF9-54E03552AA8D}.debug_static_md|Win32.ActiveCfg = debug_static_md|Win32
		{EDD8B2D2-2193-491A-8BF9-54E03552AA8D}.debug_static_md|Win32.Build.0 = debug_static_md|Win32
		{EDD8B2D2-2193-491A-8BF9-54E03552AA8D}.release_shared|Win32.ActiveCfg = release_shared|Win32
		{EDD8B2D2-2193-491A-8BF9-54E03552AA8D}.release_shared|Win32.Build.0 = release_shared|Win32
		{EDD8B2D2-2193-491A-8BF9-54E03552AA8D}.release_static_md|Win32.ActiveCfg = release_static_md|Win32
		{EDD8B2D2-2193-491A-8BF9-54E03552AA8D}.release_static_md|Win32.Build.0 = release_static_md|Win32
	EndGlobalSection
	GlobalSection(SolutionProperties) = preSolution
		HideSolutionNode = FALSE
	EndGlobalSection
EndGlobal
